
Microsoft Visual Studio Solution File, Format Version 12.00
# Visual Studio Version 16
VisualStudioVersion = 16.0.31605.320
MinimumVisualStudioVersion = 10.0.40219.1
Project("{FAE04EC0-301F-11D3-BF4B-00C04F79EFBC}") = "FrontApp", "FrontApp\FrontApp.csproj", "{A34EFDB4-B939-4C8C-A499-07FE4FAE4474}"
EndProject
Global
	GlobalSection(SolutionConfigurationPlatforms) = preSolution
		Debug|Any CPU = Debug|Any CPU
		Release|Any CPU = Release|Any CPU
	EndGlobalSection
	GlobalSection(ProjectConfigurationPlatforms) = postSolution
		{A34EFDB4-B939-4C8C-A499-07FE4FAE4474}.Debug|Any CPU.ActiveCfg = Debug|Any CPU
		{A34EFDB4-B939-4C8C-A499-07FE4FAE4474}.Debug|Any CPU.Build.0 = Debug|Any CPU
		{A34EFDB4-B939-4C8C-A499-07FE4FAE4474}.Release|Any CPU.ActiveCfg = Release|Any CPU
		{A34EFDB4-B939-4C8C-A499-07FE4FAE4474}.Release|Any CPU.Build.0 = Release|Any CPU
	EndGlobalSection
	GlobalSection(SolutionProperties) = preSolution
		HideSolutionNode = FALSE
	EndGlobalSection
	GlobalSection(ExtensibilityGlobals) = postSolution
		SolutionGuid = {1932E427-7F87-47B7-B373-CAF371D9250F}
	EndGlobalSection
EndGlobal
